// !$*UTF8*$!
{
	archiveVersion = 1;
	classes = {
	};
	objectVersion = 55;
	objects = {

/* Begin PBXBuildFile section */
		9403BAFE276033EB001E3A4F /* AppDelegate.swift in Sources */ = {isa = PBXBuildFile; fileRef = 9403BAFD276033EB001E3A4F /* AppDelegate.swift */; };
		9403BB00276033EB001E3A4F /* SceneDelegate.swift in Sources */ = {isa = PBXBuildFile; fileRef = 9403BAFF276033EB001E3A4F /* SceneDelegate.swift */; };
		9403BB02276033EB001E3A4F /* ViewController.swift in Sources */ = {isa = PBXBuildFile; fileRef = 9403BB01276033EB001E3A4F /* ViewController.swift */; };
		9403BB05276033EB001E3A4F /* Main.storyboard in Resources */ = {isa = PBXBuildFile; fileRef = 9403BB03276033EB001E3A4F /* Main.storyboard */; };
		9403BB07276033ED001E3A4F /* Assets.xcassets in Resources */ = {isa = PBXBuildFile; fileRef = 9403BB06276033ED001E3A4F /* Assets.xcassets */; };
		9403BB0A276033ED001E3A4F /* LaunchScreen.storyboard in Resources */ = {isa = PBXBuildFile; fileRef = 9403BB08276033ED001E3A4F /* LaunchScreen.storyboard */; };
		9403BB1327603427001E3A4F /* FacebookCore in Frameworks */ = {isa = PBXBuildFile; productRef = 9403BB1227603427001E3A4F /* FacebookCore */; };
		9403BB1527603427001E3A4F /* FacebookLogin in Frameworks */ = {isa = PBXBuildFile; productRef = 9403BB1427603427001E3A4F /* FacebookLogin */; };
		9403BB1727603427001E3A4F /* FacebookShare in Frameworks */ = {isa = PBXBuildFile; productRef = 9403BB1627603427001E3A4F /* FacebookShare */; };
/* End PBXBuildFile section */

/* Begin PBXFileReference section */
		9403BAFA276033EB001E3A4F /* fb-duplicate-syms.app */ = {isa = PBXFileReference; explicitFileType = wrapper.application; includeInIndex = 0; path = "fb-duplicate-syms.app"; sourceTree = BUILT_PRODUCTS_DIR; };
		9403BAFD276033EB001E3A4F /* AppDelegate.swift */ = {isa = PBXFileReference; lastKnownFileType = sourcecode.swift; path = AppDelegate.swift; sourceTree = "<group>"; };
		9403BAFF276033EB001E3A4F /* SceneDelegate.swift */ = {isa = PBXFileReference; lastKnownFileType = sourcecode.swift; path = SceneDelegate.swift; sourceTree = "<group>"; };
		9403BB01276033EB001E3A4F /* ViewController.swift */ = {isa = PBXFileReference; lastKnownFileType = sourcecode.swift; path = ViewController.swift; sourceTree = "<group>"; };
		9403BB04276033EB001E3A4F /* Base */ = {isa = PBXFileReference; lastKnownFileType = file.storyboard; name = Base; path = Base.lproj/Main.storyboard; sourceTree = "<group>"; };
		9403BB06276033ED001E3A4F /* Assets.xcassets */ = {isa = PBXFileReference; lastKnownFileType = folder.assetcatalog; path = Assets.xcassets; sourceTree = "<group>"; };
		9403BB09276033ED001E3A4F /* Base */ = {isa = PBXFileReference; lastKnownFileType = file.storyboard; name = Base; path = Base.lproj/LaunchScreen.storyboard; sourceTree = "<group>"; };
		9403BB0B276033ED001E3A4F /* Info.plist */ = {isa = PBXFileReference; lastKnownFileType = text.plist.xml; path = Info.plist; sourceTree = "<group>"; };
/* End PBXFileReference section */

/* Begin PBXFrameworksBuildPhase section */
		9403BAF7276033EB001E3A4F /* Frameworks */ = {
			isa = PBXFrameworksBuildPhase;
			buildActionMask = 2147483647;
			files = (
				9403BB1527603427001E3A4F /* FacebookLogin in Frameworks */,
				9403BB1327603427001E3A4F /* FacebookCore in Frameworks */,
				9403BB1727603427001E3A4F /* FacebookShare in Frameworks */,
			);
			runOnlyForDeploymentPostprocessing = 0;
		};
/* End PBXFrameworksBuildPhase section */

/* Begin PBXGroup section */
		9403BAF1276033EB001E3A4F = {
			isa = PBXGroup;
			children = (
				9403BAFC276033EB001E3A4F /* fb-duplicate-syms */,
				9403BAFB276033EB001E3A4F /* Products */,
			);
			sourceTree = "<group>";
		};
		9403BAFB276033EB001E3A4F /* Products */ = {
			isa = PBXGroup;
			children = (
				9403BAFA276033EB001E3A4F /* fb-duplicate-syms.app */,
			);
			name = Products;
			sourceTree = "<group>";
		};
		9403BAFC276033EB001E3A4F /* fb-duplicate-syms */ = {
			isa = PBXGroup;
			children = (
				9403BAFD276033EB001E3A4F /* AppDelegate.swift */,
				9403BAFF276033EB001E3A4F /* SceneDelegate.swift */,
				9403BB01276033EB001E3A4F /* ViewController.swift */,
				9403BB03276033EB001E3A4F /* Main.storyboard */,
				9403BB06276033ED001E3A4F /* Assets.xcassets */,
				9403BB08276033ED001E3A4F /* LaunchScreen.storyboard */,
				9403BB0B276033ED001E3A4F /* Info.plist */,
			);
			path = "fb-duplicate-syms";
			sourceTree = "<group>";
		};
/* End PBXGroup section */

/* Begin PBXNativeTarget section */
		9403BAF9276033EB001E3A4F /* fb-duplicate-syms */ = {
			isa = PBXNativeTarget;
			buildConfigurationList = 9403BB0E276033ED001E3A4F /* Build configuration list for PBXNativeTarget "fb-duplicate-syms" */;
			buildPhases = (
				9403BAF6276033EB001E3A4F /* Sources */,
				9403BAF7276033EB001E3A4F /* Frameworks */,
				9403BAF8276033EB001E3A4F /* Resources */,
			);
			buildRules = (
			);
			dependencies = (
			);
			name = "fb-duplicate-syms";
			packageProductDependencies = (
				9403BB1227603427001E3A4F /* FacebookCore */,
				9403BB1427603427001E3A4F /* FacebookLogin */,
				9403BB1627603427001E3A4F /* FacebookShare */,
			);
			productName = "fb-duplicate-syms";
			productReference = 9403BAFA276033EB001E3A4F /* fb-duplicate-syms.app */;
			productType = "com.apple.product-type.application";
		};
/* End PBXNativeTarget section */

/* Begin PBXProject section */
		9403BAF2276033EB001E3A4F /* Project object */ = {
			isa = PBXProject;
			attributes = {
				BuildIndependentTargetsInParallel = 1;
				LastSwiftUpdateCheck = 1310;
				LastUpgradeCheck = 1310;
				TargetAttributes = {
					9403BAF9276033EB001E3A4F = {
						CreatedOnToolsVersion = 13.1;
					};
				};
			};
			buildConfigurationList = 9403BAF5276033EB001E3A4F /* Build configuration list for PBXProject "fb-duplicate-syms" */;
			compatibilityVersion = "Xcode 13.0";
			developmentRegion = en;
			hasScannedForEncodings = 0;
			knownRegions = (
				en,
				Base,
			);
			mainGroup = 9403BAF1276033EB001E3A4F;
			packageReferences = (
				9403BB1127603427001E3A4F /* XCRemoteSwiftPackageReference "facebook-ios-sdk" */,
			);
			productRefGroup = 9403BAFB276033EB001E3A4F /* Products */;
			projectDirPath = "";
			projectRoot = "";
			targets = (
				9403BAF9276033EB001E3A4F /* fb-duplicate-syms */,
			);
		};
/* End PBXProject section */

/* Begin PBXResourcesBuildPhase section */
		9403BAF8276033EB001E3A4F /* Resources */ = {
			isa = PBXResourcesBuildPhase;
			buildActionMask = 2147483647;
			files = (
				9403BB0A276033ED001E3A4F /* LaunchScreen.storyboard in Resources */,
				9403BB07276033ED001E3A4F /* Assets.xcassets in Resources */,
				9403BB05276033EB001E3A4F /* Main.storyboard in Resources */,
			);
			runOnlyForDeploymentPostprocessing = 0;
		};
/* End PBXResourcesBuildPhase section */

/* Begin PBXSourcesBuildPhase section */
		9403BAF6276033EB001E3A4F /* Sources */ = {
			isa = PBXSourcesBuildPhase;
			buildActionMask = 2147483647;
			files = (
				9403BB02276033EB001E3A4F /* ViewController.swift in Sources */,
				9403BAFE276033EB001E3A4F /* AppDelegate.swift in Sources */,
				9403BB00276033EB001E3A4F /* SceneDelegate.swift in Sources */,
			);
			runOnlyForDeploymentPostprocessing = 0;
		};
/* End PBXSourcesBuildPhase section */

/* Begin PBXVariantGroup section */
		9403BB03276033EB001E3A4F /* Main.storyboard */ = {
			isa = PBXVariantGroup;
			children = (
				9403BB04276033EB001E3A4F /* Base */,
			);
			name = Main.storyboard;
			sourceTree = "<group>";
		};
		9403BB08276033ED001E3A4F /* LaunchScreen.storyboard */ = {
			isa = PBXVariantGroup;
			children = (
				9403BB09276033ED001E3A4F /* Base */,
			);
			name = LaunchScreen.storyboard;
			sourceTree = "<group>";
		};
/* End PBXVariantGroup section */

/* Begin XCBuildConfiguration section */
		9403BB0C276033ED001E3A4F /* Debug */ = {
			isa = XCBuildConfiguration;
			buildSettings = {
				ALWAYS_SEARCH_USER_PATHS = NO;
				CLANG_ANALYZER_NONNULL = YES;
				CLANG_ANALYZER_NUMBER_OBJECT_CONVERSION = YES_AGGRESSIVE;
				CLANG_CXX_LANGUAGE_STANDARD = "gnu++17";
				CLANG_CXX_LIBRARY = "libc++";
				CLANG_ENABLE_MODULES = YES;
				CLANG_ENABLE_OBJC_ARC = YES;
				CLANG_ENABLE_OBJC_WEAK = YES;
				CLANG_WARN_BLOCK_CAPTURE_AUTORELEASING = YES;
				CLANG_WARN_BOOL_CONVERSION = YES;
				CLANG_WARN_COMMA = YES;
				CLANG_WARN_CONSTANT_CONVERSION = YES;
				CLANG_WARN_DEPRECATED_OBJC_IMPLEMENTATIONS = YES;
				CLANG_WARN_DIRECT_OBJC_ISA_USAGE = YES_ERROR;
				CLANG_WARN_DOCUMENTATION_COMMENTS = YES;
				CLANG_WARN_EMPTY_BODY = YES;
				CLANG_WARN_ENUM_CONVERSION = YES;
				CLANG_WARN_INFINITE_RECURSION = YES;
				CLANG_WARN_INT_CONVERSION = YES;
				CLANG_WARN_NON_LITERAL_NULL_CONVERSION = YES;
				CLANG_WARN_OBJC_IMPLICIT_RETAIN_SELF = YES;
				CLANG_WARN_OBJC_LITERAL_CONVERSION = YES;
				CLANG_WARN_OBJC_ROOT_CLASS = YES_ERROR;
				CLANG_WARN_QUOTED_INCLUDE_IN_FRAMEWORK_HEADER = YES;
				CLANG_WARN_RANGE_LOOP_ANALYSIS = YES;
				CLANG_WARN_STRICT_PROTOTYPES = YES;
				CLANG_WARN_SUSPICIOUS_MOVE = YES;
				CLANG_WARN_UNGUARDED_AVAILABILITY = YES_AGGRESSIVE;
				CLANG_WARN_UNREACHABLE_CODE = YES;
				CLANG_WARN__DUPLICATE_METHOD_MATCH = YES;
				COPY_PHASE_STRIP = NO;
				DEBUG_INFORMATION_FORMAT = dwarf;
				ENABLE_STRICT_OBJC_MSGSEND = YES;
				ENABLE_TESTABILITY = YES;
				GCC_C_LANGUAGE_STANDARD = gnu11;
				GCC_DYNAMIC_NO_PIC = NO;
				GCC_NO_COMMON_BLOCKS = YES;
				GCC_OPTIMIZATION_LEVEL = 0;
				GCC_PREPROCESSOR_DEFINITIONS = (
					"DEBUG=1",
					"$(inherited)",
				);
				GCC_WARN_64_TO_32_BIT_CONVERSION = YES;
				GCC_WARN_ABOUT_RETURN_TYPE = YES_ERROR;
				GCC_WARN_UNDECLARED_SELECTOR = YES;
				GCC_WARN_UNINITIALIZED_AUTOS = YES_AGGRESSIVE;
				GCC_WARN_UNUSED_FUNCTION = YES;
				GCC_WARN_UNUSED_VARIABLE = YES;
				IPHONEOS_DEPLOYMENT_TARGET = 13.0;
				MTL_ENABLE_DEBUG_INFO = INCLUDE_SOURCE;
				MTL_FAST_MATH = YES;
				ONLY_ACTIVE_ARCH = YES;
				OTHER_LDFLAGS = "-ObjC";
				SDKROOT = iphoneos;
				SWIFT_ACTIVE_COMPILATION_CONDITIONS = DEBUG;
				SWIFT_OPTIMIZATION_LEVEL = "-Onone";
			};
			name = Debug;
		};
		9403BB0D276033ED001E3A4F /* Release */ = {
			isa = XCBuildConfiguration;
			buildSettings = {
				ALWAYS_SEARCH_USER_PATHS = NO;
				CLANG_ANALYZER_NONNULL = YES;
				CLANG_ANALYZER_NUMBER_OBJECT_CONVERSION = YES_AGGRESSIVE;
				CLANG_CXX_LANGUAGE_STANDARD = "gnu++17";
				CLANG_CXX_LIBRARY = "libc++";
				CLANG_ENABLE_MODULES = YES;
				CLANG_ENABLE_OBJC_ARC = YES;
				CLANG_ENABLE_OBJC_WEAK = YES;
				CLANG_WARN_BLOCK_CAPTURE_AUTORELEASING = YES;
				CLANG_WARN_BOOL_CONVERSION = YES;
				CLANG_WARN_COMMA = YES;
				CLANG_WARN_CONSTANT_CONVERSION = YES;
				CLANG_WARN_DEPRECATED_OBJC_IMPLEMENTATIONS = YES;
				CLANG_WARN_DIRECT_OBJC_ISA_USAGE = YES_ERROR;
				CLANG_WARN_DOCUMENTATION_COMMENTS = YES;
				CLANG_WARN_EMPTY_BODY = YES;
				CLANG_WARN_ENUM_CONVERSION = YES;
				CLANG_WARN_INFINITE_RECURSION = YES;
				CLANG_WARN_INT_CONVERSION = YES;
				CLANG_WARN_NON_LITERAL_NULL_CONVERSION = YES;
				CLANG_WARN_OBJC_IMPLICIT_RETAIN_SELF = YES;
				CLANG_WARN_OBJC_LITERAL_CONVERSION = YES;
				CLANG_WARN_OBJC_ROOT_CLASS = YES_ERROR;
				CLANG_WARN_QUOTED_INCLUDE_IN_FRAMEWORK_HEADER = YES;
				CLANG_WARN_RANGE_LOOP_ANALYSIS = YES;
				CLANG_WARN_STRICT_PROTOTYPES = YES;
				CLANG_WARN_SUSPICIOUS_MOVE = YES;
				CLANG_WARN_UNGUARDED_AVAILABILITY = YES_AGGRESSIVE;
				CLANG_WARN_UNREACHABLE_CODE = YES;
				CLANG_WARN__DUPLICATE_METHOD_MATCH = YES;
				COPY_PHASE_STRIP = NO;
				DEBUG_INFORMATION_FORMAT = "dwarf-with-dsym";
				ENABLE_NS_ASSERTIONS = NO;
				ENABLE_STRICT_OBJC_MSGSEND = YES;
				GCC_C_LANGUAGE_STANDARD = gnu11;
				GCC_NO_COMMON_BLOCKS = YES;
				GCC_WARN_64_TO_32_BIT_CONVERSION = YES;
				GCC_WARN_ABOUT_RETURN_TYPE = YES_ERROR;
				GCC_WARN_UNDECLARED_SELECTOR = YES;
				GCC_WARN_UNINITIALIZED_AUTOS = YES_AGGRESSIVE;
				GCC_WARN_UNUSED_FUNCTION = YES;
				GCC_WARN_UNUSED_VARIABLE = YES;
				IPHONEOS_DEPLOYMENT_TARGET = 13.0;
				MTL_ENABLE_DEBUG_INFO = NO;
				MTL_FAST_MATH = YES;
				OTHER_LDFLAGS = "-ObjC";
				SDKROOT = iphoneos;
				SWIFT_COMPILATION_MODE = wholemodule;
				SWIFT_OPTIMIZATION_LEVEL = "-O";
				VALIDATE_PRODUCT = YES;
			};
			name = Release;
		};
		9403BB0F276033ED001E3A4F /* Debug */ = {
			isa = XCBuildConfiguration;
			buildSettings = {
				ASSETCATALOG_COMPILER_APPICON_NAME = AppIcon;
				ASSETCATALOG_COMPILER_GLOBAL_ACCENT_COLOR_NAME = AccentColor;
				CODE_SIGN_STYLE = Automatic;
				CURRENT_PROJECT_VERSION = 1;
				DEVELOPMENT_TEAM = 3JXW3KKXU8;
				GENERATE_INFOPLIST_FILE = YES;
				INFOPLIST_FILE = "fb-duplicate-syms/Info.plist";
				INFOPLIST_KEY_UIApplicationSupportsIndirectInputEvents = YES;
				INFOPLIST_KEY_UILaunchStoryboardName = LaunchScreen;
				INFOPLIST_KEY_UIMainStoryboardFile = Main;
				INFOPLIST_KEY_UISupportedInterfaceOrientations_iPad = "UIInterfaceOrientationPortrait UIInterfaceOrientationPortraitUpsideDown UIInterfaceOrientationLandscapeLeft UIInterfaceOrientationLandscapeRight";
				INFOPLIST_KEY_UISupportedInterfaceOrientations_iPhone = "UIInterfaceOrientationPortrait UIInterfaceOrientationLandscapeLeft UIInterfaceOrientationLandscapeRight";
				LD_RUNPATH_SEARCH_PATHS = (
					"$(inherited)",
					"@executable_path/Frameworks",
				);
				MARKETING_VERSION = 1.0;
				PRODUCT_BUNDLE_IDENTIFIER = "com.fb-duplicate-syms.fb-duplicate-syms";
				PRODUCT_NAME = "$(TARGET_NAME)";
				SWIFT_EMIT_LOC_STRINGS = YES;
				SWIFT_VERSION = 5.0;
				TARGETED_DEVICE_FAMILY = "1,2";
			};
			name = Debug;
		};
		9403BB10276033ED001E3A4F /* Release */ = {
			isa = XCBuildConfiguration;
			buildSettings = {
				ASSETCATALOG_COMPILER_APPICON_NAME = AppIcon;
				ASSETCATALOG_COMPILER_GLOBAL_ACCENT_COLOR_NAME = AccentColor;
				CODE_SIGN_STYLE = Automatic;
				CURRENT_PROJECT_VERSION = 1;
				DEVELOPMENT_TEAM = 3JXW3KKXU8;
				GENERATE_INFOPLIST_FILE = YES;
				INFOPLIST_FILE = "fb-duplicate-syms/Info.plist";
				INFOPLIST_KEY_UIApplicationSupportsIndirectInputEvents = YES;
				INFOPLIST_KEY_UILaunchStoryboardName = LaunchScreen;
				INFOPLIST_KEY_UIMainStoryboardFile = Main;
				INFOPLIST_KEY_UISupportedInterfaceOrientations_iPad = "UIInterfaceOrientationPortrait UIInterfaceOrientationPortraitUpsideDown UIInterfaceOrientationLandscapeLeft UIInterfaceOrientationLandscapeRight";
				INFOPLIST_KEY_UISupportedInterfaceOrientations_iPhone = "UIInterfaceOrientationPortrait UIInterfaceOrientationLandscapeLeft UIInterfaceOrientationLandscapeRight";
				LD_RUNPATH_SEARCH_PATHS = (
					"$(inherited)",
					"@executable_path/Frameworks",
				);
				MARKETING_VERSION = 1.0;
				PRODUCT_BUNDLE_IDENTIFIER = "com.fb-duplicate-syms.fb-duplicate-syms";
				PRODUCT_NAME = "$(TARGET_NAME)";
				SWIFT_EMIT_LOC_STRINGS = YES;
				SWIFT_VERSION = 5.0;
				TARGETED_DEVICE_FAMILY = "1,2";
			};
			name = Release;
		};
/* End XCBuildConfiguration section */

/* Begin XCConfigurationList section */
		9403BAF5276033EB001E3A4F /* Build configuration list for PBXProject "fb-duplicate-syms" */ = {
			isa = XCConfigurationList;
			buildConfigurations = (
				9403BB0C276033ED001E3A4F /* Debug */,
				9403BB0D276033ED001E3A4F /* Release */,
			);
			defaultConfigurationIsVisible = 0;
			defaultConfigurationName = Release;
		};
		9403BB0E276033ED001E3A4F /* Build configuration list for PBXNativeTarget "fb-duplicate-syms" */ = {
			isa = XCConfigurationList;
			buildConfigurations = (
				9403BB0F276033ED001E3A4F /* Debug */,
				9403BB10276033ED001E3A4F /* Release */,
			);
			defaultConfigurationIsVisible = 0;
			defaultConfigurationName = Release;
		};
/* End XCConfigurationList section */

/* Begin XCRemoteSwiftPackageReference section */
		9403BB1127603427001E3A4F /* XCRemoteSwiftPackageReference "facebook-ios-sdk" */ = {
			isa = XCRemoteSwiftPackageReference;
			repositoryURL = "https://github.com/facebook/facebook-ios-sdk";
			requirement = {
				kind = upToNextMajorVersion;
				minimumVersion = 12.2.0;
			};
		};
/* End XCRemoteSwiftPackageReference section */

/* Begin XCSwiftPackageProductDependency section */
		9403BB1227603427001E3A4F /* FacebookCore */ = {
			isa = XCSwiftPackageProductDependency;
			package = 9403BB1127603427001E3A4F /* XCRemoteSwiftPackageReference "facebook-ios-sdk" */;
			productName = FacebookCore;
		};
		9403BB1427603427001E3A4F /* FacebookLogin */ = {
			isa = XCSwiftPackageProductDependency;
			package = 9403BB1127603427001E3A4F /* XCRemoteSwiftPackageReference "facebook-ios-sdk" */;
			productName = FacebookLogin;
		};
		9403BB1627603427001E3A4F /* FacebookShare */ = {
			isa = XCSwiftPackageProductDependency;
			package = 9403BB1127603427001E3A4F /* XCRemoteSwiftPackageReference "facebook-ios-sdk" */;
			productName = FacebookShare;
		};
/* End XCSwiftPackageProductDependency section */
	};
	rootObject = 9403BAF2276033EB001E3A4F /* Project object */;
}
